
Microsoft Visual Studio Solution File, Format Version 12.00
# Visual Studio Version 17
VisualStudioVersion = 17.11.35312.102
MinimumVisualStudioVersion = 10.0.40219.1
Project("{9A19103F-16F7-4668-BE54-9A1E7A4F7556}") = "HelloWorld", "CsharpBasics\HelloWorld.csproj", "{EEAA1110-F9A3-4EAE-99B4-8E7306930E0A}"
EndProject
Project("{9A19103F-16F7-4668-BE54-9A1E7A4F7556}") = "Concatenation", "Concatenation\Concatenation.csproj", "{9441B7DB-6469-4D4A-8A1E-0C2A7EC79AB6}"
EndProject
Project("{9A19103F-16F7-4668-BE54-9A1E7A4F7556}") = "Variables", "Variables\Variables.csproj", "{54BD2AE7-9CD9-4CEC-8060-F85166085851}"
EndProject
Project("{9A19103F-16F7-4668-BE54-9A1E7A4F7556}") = "Maths", "Maths\Maths.csproj", "{B5848ABB-49E0-4BEC-BF90-87BB9FD5F680}"
EndProject
Project("{9A19103F-16F7-4668-BE54-9A1E7A4F7556}") = "Calculator", "Calculator\Calculator.csproj", "{51BE3534-96A5-4120-87B6-364C8C6EB33E}"
EndProject
Project("{9A19103F-16F7-4668-BE54-9A1E7A4F7556}") = "Pythagoras", "Pythagoras\Pythagoras.csproj", "{2A09DE4F-263A-4BD8-8CFF-D924B3CE11F9}"
EndProject
Project("{9A19103F-16F7-4668-BE54-9A1E7A4F7556}") = "Methods", "Methods\Methods.csproj", "{F45460CE-6507-4F09-A646-CD5F7EA52EA2}"
EndProject
Project("{9A19103F-16F7-4668-BE54-9A1E7A4F7556}") = "Types", "Types\Types.csproj", "{1C998A59-8405-4831-A349-1AEA25F23BAB}"
EndProject
Project("{2150E333-8FDC-42A3-9474-1A3956D46DE8}") = "Solution Items", "Solution Items", "{9FF7C848-6D63-437C-871F-D0D3FB3ED1CC}"
	ProjectSection(SolutionItems) = preProject
		README.md = README.md
	EndProjectSection
EndProject
Project("{9A19103F-16F7-4668-BE54-9A1E7A4F7556}") = "Enumeration", "Enumeration\Enumeration.csproj", "{3AF4F796-FE6E-4BD2-995F-2562A725F1F3}"
EndProject
Project("{9A19103F-16F7-4668-BE54-9A1E7A4F7556}") = "WeatherSim", "WeatherSim\WeatherSim.csproj", "{AF1AD893-4CD9-4CC6-A225-F3ADE73A88F9}"
EndProject
Project("{9A19103F-16F7-4668-BE54-9A1E7A4F7556}") = "Loops", "Loops\Loops.csproj", "{D3822150-94D3-41EB-9F7A-6188584E4519}"
EndProject
Project("{9A19103F-16F7-4668-BE54-9A1E7A4F7556}") = "Tuples", "Tuples\Tuples.csproj", "{B91CD234-DC19-44A1-B7DE-521C8BBC7B90}"
EndProject
Project("{9A19103F-16F7-4668-BE54-9A1E7A4F7556}") = "Classes", "Classes\Classes.csproj", "{3FEF5D77-C946-4410-B619-B40D62AE04AB}"
EndProject
Project("{9A19103F-16F7-4668-BE54-9A1E7A4F7556}") = "Properties", "Properties\Properties.csproj", "{D40796B9-511F-484B-8DE8-024F29E28735}"
EndProject
Project("{9A19103F-16F7-4668-BE54-9A1E7A4F7556}") = "RockPaperScissors", "RockPaperScissors\RockPaperScissors.csproj", "{3936FBDF-B593-464F-88F5-B3ED460B1B4E}"
EndProject
Project("{9A19103F-16F7-4668-BE54-9A1E7A4F7556}") = "QuizApp", "QuizApp\QuizApp.csproj", "{88DA9E0F-5D8F-49E6-9E0A-2E55273CCDB9}"
EndProject
Project("{9A19103F-16F7-4668-BE54-9A1E7A4F7556}") = "Arrays", "Arrays\Arrays.csproj", "{40B3B658-3582-4DC0-84A2-693072251AD6}"
EndProject
Project("{9A19103F-16F7-4668-BE54-9A1E7A4F7556}") = "Exercises", "Exercises\Exercises.csproj", "{5DEDD95E-47E1-47B9-A858-C26800598AB8}"
EndProject
Project("{9A19103F-16F7-4668-BE54-9A1E7A4F7556}") = "Inheritance", "Inheritance\Inheritance.csproj", "{4B37B224-AE95-4A9D-9381-093DC9BA01BF}"
EndProject
Project("{9A19103F-16F7-4668-BE54-9A1E7A4F7556}") = "Lists", "Lists\Lists.csproj", "{AABAE94B-AA0C-4712-B967-2952D7761404}"
EndProject
Project("{9A19103F-16F7-4668-BE54-9A1E7A4F7556}") = "Structs", "Structs\Structs.csproj", "{30430B93-4314-4627-A43C-CB41190345A9}"
EndProject
Project("{9A19103F-16F7-4668-BE54-9A1E7A4F7556}") = "Interfaces", "Interfaces\Interfaces.csproj", "{E9E08165-7855-41B3-A986-D96CA0AB1180}"
EndProject
Project("{9A19103F-16F7-4668-BE54-9A1E7A4F7556}") = "TextFiles", "TextFiles\TextFiles.csproj", "{A0F7BA27-5247-4B34-8221-28C6090598B7}"
EndProject
Project("{9A19103F-16F7-4668-BE54-9A1E7A4F7556}") = "Generics", "Generics\Generics.csproj", "{BE729350-D437-464B-8336-41FC26AF5300}"
EndProject
Project("{9A19103F-16F7-4668-BE54-9A1E7A4F7556}") = "Delegates", "Delegates\Delegates.csproj", "{479FEDCF-4DB5-4486-A52D-F78012894972}"
EndProject
Project("{9A19103F-16F7-4668-BE54-9A1E7A4F7556}") = "WpfBasic", "WpfBasic\WpfBasic.csproj", "{85FD27CF-85AA-4479-923F-B2695F0C5D87}"
EndProject
Project("{9A19103F-16F7-4668-BE54-9A1E7A4F7556}") = "WpfToDoList", "WpfToDoList\WpfToDoList.csproj", "{58C9A8DD-5F8B-4DB0-A533-D6F753B9FA03}"
EndProject
Project("{9A19103F-16F7-4668-BE54-9A1E7A4F7556}") = "WpfUserControl", "WpfUserControl\WpfUserControl.csproj", "{D8051612-460B-4E49-9A38-35C1B43782B1}"
EndProject
Project("{9A19103F-16F7-4668-BE54-9A1E7A4F7556}") = "WpfDataBinding", "WpfDataBinding\WpfDataBinding.csproj", "{35124D69-8CEB-4EC3-84DE-909D221F9E70}"
EndProject
Project("{9A19103F-16F7-4668-BE54-9A1E7A4F7556}") = "WpfListBox_1", "WpfListBox\WpfListBox_1.csproj", "{827D8AAF-9D5A-462C-9F95-EB5950E63B18}"
EndProject
Project("{9A19103F-16F7-4668-BE54-9A1E7A4F7556}") = "WpfListBox_ItemTemplates_2", "WpfListBox_ItemTemplates\WpfListBox_ItemTemplates_2.csproj", "{A42315A2-DD7B-4845-8412-B7AF248B1744}"
EndProject
Project("{9A19103F-16F7-4668-BE54-9A1E7A4F7556}") = "WpfListBox_SelectionMode_3", "WpfListBox_SelectionMode_3\WpfListBox_SelectionMode_3.csproj", "{9A900A46-B335-4824-8629-2D4EE8008BDF}"
EndProject
Project("{9A19103F-16F7-4668-BE54-9A1E7A4F7556}") = "WpfLogin_UserControl_4", "WpfLogin\WpfLogin_UserControl_4.csproj", "{850F46A5-4E25-4678-A945-A7ECF201F426}"
EndProject
Project("{9A19103F-16F7-4668-BE54-9A1E7A4F7556}") = "WpfDatabaseFake", "WpfDatabaseFake\WpfDatabaseFake.csproj", "{6D4ADE9D-EF01-48F1-96DF-559CFEF23D9C}"
EndProject
Project("{9A19103F-16F7-4668-BE54-9A1E7A4F7556}") = "DatabaseConnection", "DatabaseConnection\DatabaseConnection.csproj", "{3709633B-05E5-4FE1-B43F-1F55D6C7C151}"
EndProject
Project("{FAE04EC0-301F-11D3-BF4B-00C04F79EFBC}") = "DatabaseConnection2", "DatabaseConnection2\DatabaseConnection2.csproj", "{7AD15677-1BAF-4802-AC9D-D359E4B0C963}"
EndProject
Project("{FAE04EC0-301F-11D3-BF4B-00C04F79EFBC}") = "PretendDatabase", "PretendDatabase\PretendDatabase.csproj", "{3A06295D-52D7-4DE5-9B79-39C93CE4A2AD}"
EndProject
Project("{FAE04EC0-301F-11D3-BF4B-00C04F79EFBC}") = "WpfDatabase_1", "WpfDatabase_1\WpfDatabase_1.csproj", "{25A80C97-795B-4C61-A3CC-3719ABFD1FD0}"
EndProject
Project("{FAE04EC0-301F-11D3-BF4B-00C04F79EFBC}") = "WpfListBox_2", "WpfListBox_2\WpfListBox_2.csproj", "{78B4CDAE-D76E-4366-A9C1-75FD4A318C47}"
EndProject
Project("{FAE04EC0-301F-11D3-BF4B-00C04F79EFBC}") = "Lists2", "Lists2\Lists2.csproj", "{F4DAAC5D-8894-4AD8-9118-C799B1E1B8AC}"
EndProject
Project("{FAE04EC0-301F-11D3-BF4B-00C04F79EFBC}") = "ConsoleLoop", "ConsoleLoop\ConsoleLoop.csproj", "{1A3FA37A-D885-4C59-9298-6F997E6F5C90}"
EndProject
Project("{FAE04EC0-301F-11D3-BF4B-00C04F79EFBC}") = "ToDoList_1", "ToDoList_1\ToDoList_1.csproj", "{122EEE80-F30F-4987-8BE3-C75F496B3DDF}"
EndProject
Global
	GlobalSection(SolutionConfigurationPlatforms) = preSolution
		Debug|Any CPU = Debug|Any CPU
		Release|Any CPU = Release|Any CPU
	EndGlobalSection
	GlobalSection(ProjectConfigurationPlatforms) = postSolution
		{EEAA1110-F9A3-4EAE-99B4-8E7306930E0A}.Debug|Any CPU.ActiveCfg = Debug|Any CPU
		{EEAA1110-F9A3-4EAE-99B4-8E7306930E0A}.Debug|Any CPU.Build.0 = Debug|Any CPU
		{EEAA1110-F9A3-4EAE-99B4-8E7306930E0A}.Release|Any CPU.ActiveCfg = Release|Any CPU
		{EEAA1110-F9A3-4EAE-99B4-8E7306930E0A}.Release|Any CPU.Build.0 = Release|Any CPU
		{9441B7DB-6469-4D4A-8A1E-0C2A7EC79AB6}.Debug|Any CPU.ActiveCfg = Debug|Any CPU
		{9441B7DB-6469-4D4A-8A1E-0C2A7EC79AB6}.Debug|Any CPU.Build.0 = Debug|Any CPU
		{9441B7DB-6469-4D4A-8A1E-0C2A7EC79AB6}.Release|Any CPU.ActiveCfg = Release|Any CPU
		{9441B7DB-6469-4D4A-8A1E-0C2A7EC79AB6}.Release|Any CPU.Build.0 = Release|Any CPU
		{54BD2AE7-9CD9-4CEC-8060-F85166085851}.Debug|Any CPU.ActiveCfg = Debug|Any CPU
		{54BD2AE7-9CD9-4CEC-8060-F85166085851}.Debug|Any CPU.Build.0 = Debug|Any CPU
		{54BD2AE7-9CD9-4CEC-8060-F85166085851}.Release|Any CPU.ActiveCfg = Release|Any CPU
		{54BD2AE7-9CD9-4CEC-8060-F85166085851}.Release|Any CPU.Build.0 = Release|Any CPU
		{B5848ABB-49E0-4BEC-BF90-87BB9FD5F680}.Debug|Any CPU.ActiveCfg = Debug|Any CPU
		{B5848ABB-49E0-4BEC-BF90-87BB9FD5F680}.Debug|Any CPU.Build.0 = Debug|Any CPU
		{B5848ABB-49E0-4BEC-BF90-87BB9FD5F680}.Release|Any CPU.ActiveCfg = Release|Any CPU
		{B5848ABB-49E0-4BEC-BF90-87BB9FD5F680}.Release|Any CPU.Build.0 = Release|Any CPU
		{51BE3534-96A5-4120-87B6-364C8C6EB33E}.Debug|Any CPU.ActiveCfg = Debug|Any CPU
		{51BE3534-96A5-4120-87B6-364C8C6EB33E}.Debug|Any CPU.Build.0 = Debug|Any CPU
		{51BE3534-96A5-4120-87B6-364C8C6EB33E}.Release|Any CPU.ActiveCfg = Release|Any CPU
		{51BE3534-96A5-4120-87B6-364C8C6EB33E}.Release|Any CPU.Build.0 = Release|Any CPU
		{2A09DE4F-263A-4BD8-8CFF-D924B3CE11F9}.Debug|Any CPU.ActiveCfg = Debug|Any CPU
		{2A09DE4F-263A-4BD8-8CFF-D924B3CE11F9}.Debug|Any CPU.Build.0 = Debug|Any CPU
		{2A09DE4F-263A-4BD8-8CFF-D924B3CE11F9}.Release|Any CPU.ActiveCfg = Release|Any CPU
		{2A09DE4F-263A-4BD8-8CFF-D924B3CE11F9}.Release|Any CPU.Build.0 = Release|Any CPU
		{F45460CE-6507-4F09-A646-CD5F7EA52EA2}.Debug|Any CPU.ActiveCfg = Debug|Any CPU
		{F45460CE-6507-4F09-A646-CD5F7EA52EA2}.Debug|Any CPU.Build.0 = Debug|Any CPU
		{F45460CE-6507-4F09-A646-CD5F7EA52EA2}.Release|Any CPU.ActiveCfg = Release|Any CPU
		{F45460CE-6507-4F09-A646-CD5F7EA52EA2}.Release|Any CPU.Build.0 = Release|Any CPU
		{1C998A59-8405-4831-A349-1AEA25F23BAB}.Debug|Any CPU.ActiveCfg = Debug|Any CPU
		{1C998A59-8405-4831-A349-1AEA25F23BAB}.Debug|Any CPU.Build.0 = Debug|Any CPU
		{1C998A59-8405-4831-A349-1AEA25F23BAB}.Release|Any CPU.ActiveCfg = Release|Any CPU
		{1C998A59-8405-4831-A349-1AEA25F23BAB}.Release|Any CPU.Build.0 = Release|Any CPU
		{3AF4F796-FE6E-4BD2-995F-2562A725F1F3}.Debug|Any CPU.ActiveCfg = Debug|Any CPU
		{3AF4F796-FE6E-4BD2-995F-2562A725F1F3}.Debug|Any CPU.Build.0 = Debug|Any CPU
		{3AF4F796-FE6E-4BD2-995F-2562A725F1F3}.Release|Any CPU.ActiveCfg = Release|Any CPU
		{3AF4F796-FE6E-4BD2-995F-2562A725F1F3}.Release|Any CPU.Build.0 = Release|Any CPU
		{AF1AD893-4CD9-4CC6-A225-F3ADE73A88F9}.Debug|Any CPU.ActiveCfg = Debug|Any CPU
		{AF1AD893-4CD9-4CC6-A225-F3ADE73A88F9}.Debug|Any CPU.Build.0 = Debug|Any CPU
		{AF1AD893-4CD9-4CC6-A225-F3ADE73A88F9}.Release|Any CPU.ActiveCfg = Release|Any CPU
		{AF1AD893-4CD9-4CC6-A225-F3ADE73A88F9}.Release|Any CPU.Build.0 = Release|Any CPU
		{D3822150-94D3-41EB-9F7A-6188584E4519}.Debug|Any CPU.ActiveCfg = Debug|Any CPU
		{D3822150-94D3-41EB-9F7A-6188584E4519}.Debug|Any CPU.Build.0 = Debug|Any CPU
		{D3822150-94D3-41EB-9F7A-6188584E4519}.Release|Any CPU.ActiveCfg = Release|Any CPU
		{D3822150-94D3-41EB-9F7A-6188584E4519}.Release|Any CPU.Build.0 = Release|Any CPU
		{B91CD234-DC19-44A1-B7DE-521C8BBC7B90}.Debug|Any CPU.ActiveCfg = Debug|Any CPU
		{B91CD234-DC19-44A1-B7DE-521C8BBC7B90}.Debug|Any CPU.Build.0 = Debug|Any CPU
		{B91CD234-DC19-44A1-B7DE-521C8BBC7B90}.Release|Any CPU.ActiveCfg = Release|Any CPU
		{B91CD234-DC19-44A1-B7DE-521C8BBC7B90}.Release|Any CPU.Build.0 = Release|Any CPU
		{3FEF5D77-C946-4410-B619-B40D62AE04AB}.Debug|Any CPU.ActiveCfg = Debug|Any CPU
		{3FEF5D77-C946-4410-B619-B40D62AE04AB}.Debug|Any CPU.Build.0 = Debug|Any CPU
		{3FEF5D77-C946-4410-B619-B40D62AE04AB}.Release|Any CPU.ActiveCfg = Release|Any CPU
		{3FEF5D77-C946-4410-B619-B40D62AE04AB}.Release|Any CPU.Build.0 = Release|Any CPU
		{D40796B9-511F-484B-8DE8-024F29E28735}.Debug|Any CPU.ActiveCfg = Debug|Any CPU
		{D40796B9-511F-484B-8DE8-024F29E28735}.Debug|Any CPU.Build.0 = Debug|Any CPU
		{D40796B9-511F-484B-8DE8-024F29E28735}.Release|Any CPU.ActiveCfg = Release|Any CPU
		{D40796B9-511F-484B-8DE8-024F29E28735}.Release|Any CPU.Build.0 = Release|Any CPU
		{3936FBDF-B593-464F-88F5-B3ED460B1B4E}.Debug|Any CPU.ActiveCfg = Debug|Any CPU
		{3936FBDF-B593-464F-88F5-B3ED460B1B4E}.Debug|Any CPU.Build.0 = Debug|Any CPU
		{3936FBDF-B593-464F-88F5-B3ED460B1B4E}.Release|Any CPU.ActiveCfg = Release|Any CPU
		{3936FBDF-B593-464F-88F5-B3ED460B1B4E}.Release|Any CPU.Build.0 = Release|Any CPU
		{88DA9E0F-5D8F-49E6-9E0A-2E55273CCDB9}.Debug|Any CPU.ActiveCfg = Debug|Any CPU
		{88DA9E0F-5D8F-49E6-9E0A-2E55273CCDB9}.Debug|Any CPU.Build.0 = Debug|Any CPU
		{88DA9E0F-5D8F-49E6-9E0A-2E55273CCDB9}.Release|Any CPU.ActiveCfg = Release|Any CPU
		{88DA9E0F-5D8F-49E6-9E0A-2E55273CCDB9}.Release|Any CPU.Build.0 = Release|Any CPU
		{40B3B658-3582-4DC0-84A2-693072251AD6}.Debug|Any CPU.ActiveCfg = Debug|Any CPU
		{40B3B658-3582-4DC0-84A2-693072251AD6}.Debug|Any CPU.Build.0 = Debug|Any CPU
		{40B3B658-3582-4DC0-84A2-693072251AD6}.Release|Any CPU.ActiveCfg = Release|Any CPU
		{40B3B658-3582-4DC0-84A2-693072251AD6}.Release|Any CPU.Build.0 = Release|Any CPU
		{5DEDD95E-47E1-47B9-A858-C26800598AB8}.Debug|Any CPU.ActiveCfg = Debug|Any CPU
		{5DEDD95E-47E1-47B9-A858-C26800598AB8}.Debug|Any CPU.Build.0 = Debug|Any CPU
		{5DEDD95E-47E1-47B9-A858-C26800598AB8}.Release|Any CPU.ActiveCfg = Release|Any CPU
		{5DEDD95E-47E1-47B9-A858-C26800598AB8}.Release|Any CPU.Build.0 = Release|Any CPU
		{4B37B224-AE95-4A9D-9381-093DC9BA01BF}.Debug|Any CPU.ActiveCfg = Debug|Any CPU
		{4B37B224-AE95-4A9D-9381-093DC9BA01BF}.Debug|Any CPU.Build.0 = Debug|Any CPU
		{4B37B224-AE95-4A9D-9381-093DC9BA01BF}.Release|Any CPU.ActiveCfg = Release|Any CPU
		{4B37B224-AE95-4A9D-9381-093DC9BA01BF}.Release|Any CPU.Build.0 = Release|Any CPU
		{AABAE94B-AA0C-4712-B967-2952D7761404}.Debug|Any CPU.ActiveCfg = Debug|Any CPU
		{AABAE94B-AA0C-4712-B967-2952D7761404}.Debug|Any CPU.Build.0 = Debug|Any CPU
		{AABAE94B-AA0C-4712-B967-2952D7761404}.Release|Any CPU.ActiveCfg = Release|Any CPU
		{AABAE94B-AA0C-4712-B967-2952D7761404}.Release|Any CPU.Build.0 = Release|Any CPU
		{30430B93-4314-4627-A43C-CB41190345A9}.Debug|Any CPU.ActiveCfg = Debug|Any CPU
		{30430B93-4314-4627-A43C-CB41190345A9}.Debug|Any CPU.Build.0 = Debug|Any CPU
		{30430B93-4314-4627-A43C-CB41190345A9}.Release|Any CPU.ActiveCfg = Release|Any CPU
		{30430B93-4314-4627-A43C-CB41190345A9}.Release|Any CPU.Build.0 = Release|Any CPU
		{E9E08165-7855-41B3-A986-D96CA0AB1180}.Debug|Any CPU.ActiveCfg = Debug|Any CPU
		{E9E08165-7855-41B3-A986-D96CA0AB1180}.Debug|Any CPU.Build.0 = Debug|Any CPU
		{E9E08165-7855-41B3-A986-D96CA0AB1180}.Release|Any CPU.ActiveCfg = Release|Any CPU
		{E9E08165-7855-41B3-A986-D96CA0AB1180}.Release|Any CPU.Build.0 = Release|Any CPU
		{A0F7BA27-5247-4B34-8221-28C6090598B7}.Debug|Any CPU.ActiveCfg = Debug|Any CPU
		{A0F7BA27-5247-4B34-8221-28C6090598B7}.Debug|Any CPU.Build.0 = Debug|Any CPU
		{A0F7BA27-5247-4B34-8221-28C6090598B7}.Release|Any CPU.ActiveCfg = Release|Any CPU
		{A0F7BA27-5247-4B34-8221-28C6090598B7}.Release|Any CPU.Build.0 = Release|Any CPU
		{BE729350-D437-464B-8336-41FC26AF5300}.Debug|Any CPU.ActiveCfg = Debug|Any CPU
		{BE729350-D437-464B-8336-41FC26AF5300}.Debug|Any CPU.Build.0 = Debug|Any CPU
		{BE729350-D437-464B-8336-41FC26AF5300}.Release|Any CPU.ActiveCfg = Release|Any CPU
		{BE729350-D437-464B-8336-41FC26AF5300}.Release|Any CPU.Build.0 = Release|Any CPU
		{479FEDCF-4DB5-4486-A52D-F78012894972}.Debug|Any CPU.ActiveCfg = Debug|Any CPU
		{479FEDCF-4DB5-4486-A52D-F78012894972}.Debug|Any CPU.Build.0 = Debug|Any CPU
		{479FEDCF-4DB5-4486-A52D-F78012894972}.Release|Any CPU.ActiveCfg = Release|Any CPU
		{479FEDCF-4DB5-4486-A52D-F78012894972}.Release|Any CPU.Build.0 = Release|Any CPU
		{85FD27CF-85AA-4479-923F-B2695F0C5D87}.Debug|Any CPU.ActiveCfg = Debug|Any CPU
		{85FD27CF-85AA-4479-923F-B2695F0C5D87}.Debug|Any CPU.Build.0 = Debug|Any CPU
		{85FD27CF-85AA-4479-923F-B2695F0C5D87}.Release|Any CPU.ActiveCfg = Release|Any CPU
		{85FD27CF-85AA-4479-923F-B2695F0C5D87}.Release|Any CPU.Build.0 = Release|Any CPU
		{58C9A8DD-5F8B-4DB0-A533-D6F753B9FA03}.Debug|Any CPU.ActiveCfg = Debug|Any CPU
		{58C9A8DD-5F8B-4DB0-A533-D6F753B9FA03}.Debug|Any CPU.Build.0 = Debug|Any CPU
		{58C9A8DD-5F8B-4DB0-A533-D6F753B9FA03}.Release|Any CPU.ActiveCfg = Release|Any CPU
		{58C9A8DD-5F8B-4DB0-A533-D6F753B9FA03}.Release|Any CPU.Build.0 = Release|Any CPU
		{D8051612-460B-4E49-9A38-35C1B43782B1}.Debug|Any CPU.ActiveCfg = Debug|Any CPU
		{D8051612-460B-4E49-9A38-35C1B43782B1}.Debug|Any CPU.Build.0 = Debug|Any CPU
		{D8051612-460B-4E49-9A38-35C1B43782B1}.Release|Any CPU.ActiveCfg = Release|Any CPU
		{D8051612-460B-4E49-9A38-35C1B43782B1}.Release|Any CPU.Build.0 = Release|Any CPU
		{35124D69-8CEB-4EC3-84DE-909D221F9E70}.Debug|Any CPU.ActiveCfg = Debug|Any CPU
		{35124D69-8CEB-4EC3-84DE-909D221F9E70}.Debug|Any CPU.Build.0 = Debug|Any CPU
		{35124D69-8CEB-4EC3-84DE-909D221F9E70}.Release|Any CPU.ActiveCfg = Release|Any CPU
		{35124D69-8CEB-4EC3-84DE-909D221F9E70}.Release|Any CPU.Build.0 = Release|Any CPU
		{827D8AAF-9D5A-462C-9F95-EB5950E63B18}.Debug|Any CPU.ActiveCfg = Debug|Any CPU
		{827D8AAF-9D5A-462C-9F95-EB5950E63B18}.Debug|Any CPU.Build.0 = Debug|Any CPU
		{827D8AAF-9D5A-462C-9F95-EB5950E63B18}.Release|Any CPU.ActiveCfg = Release|Any CPU
		{827D8AAF-9D5A-462C-9F95-EB5950E63B18}.Release|Any CPU.Build.0 = Release|Any CPU
		{A42315A2-DD7B-4845-8412-B7AF248B1744}.Debug|Any CPU.ActiveCfg = Debug|Any CPU
		{A42315A2-DD7B-4845-8412-B7AF248B1744}.Debug|Any CPU.Build.0 = Debug|Any CPU
		{A42315A2-DD7B-4845-8412-B7AF248B1744}.Release|Any CPU.ActiveCfg = Release|Any CPU
		{A42315A2-DD7B-4845-8412-B7AF248B1744}.Release|Any CPU.Build.0 = Release|Any CPU
		{9A900A46-B335-4824-8629-2D4EE8008BDF}.Debug|Any CPU.ActiveCfg = Debug|Any CPU
		{9A900A46-B335-4824-8629-2D4EE8008BDF}.Debug|Any CPU.Build.0 = Debug|Any CPU
		{9A900A46-B335-4824-8629-2D4EE8008BDF}.Release|Any CPU.ActiveCfg = Release|Any CPU
		{9A900A46-B335-4824-8629-2D4EE8008BDF}.Release|Any CPU.Build.0 = Release|Any CPU
		{850F46A5-4E25-4678-A945-A7ECF201F426}.Debug|Any CPU.ActiveCfg = Debug|Any CPU
		{850F46A5-4E25-4678-A945-A7ECF201F426}.Debug|Any CPU.Build.0 = Debug|Any CPU
		{850F46A5-4E25-4678-A945-A7ECF201F426}.Release|Any CPU.ActiveCfg = Release|Any CPU
		{850F46A5-4E25-4678-A945-A7ECF201F426}.Release|Any CPU.Build.0 = Release|Any CPU
		{6D4ADE9D-EF01-48F1-96DF-559CFEF23D9C}.Debug|Any CPU.ActiveCfg = Debug|Any CPU
		{6D4ADE9D-EF01-48F1-96DF-559CFEF23D9C}.Debug|Any CPU.Build.0 = Debug|Any CPU
		{6D4ADE9D-EF01-48F1-96DF-559CFEF23D9C}.Release|Any CPU.ActiveCfg = Release|Any CPU
		{6D4ADE9D-EF01-48F1-96DF-559CFEF23D9C}.Release|Any CPU.Build.0 = Release|Any CPU
		{3709633B-05E5-4FE1-B43F-1F55D6C7C151}.Debug|Any CPU.ActiveCfg = Debug|Any CPU
		{3709633B-05E5-4FE1-B43F-1F55D6C7C151}.Debug|Any CPU.Build.0 = Debug|Any CPU
		{3709633B-05E5-4FE1-B43F-1F55D6C7C151}.Release|Any CPU.ActiveCfg = Release|Any CPU
		{3709633B-05E5-4FE1-B43F-1F55D6C7C151}.Release|Any CPU.Build.0 = Release|Any CPU
		{7AD15677-1BAF-4802-AC9D-D359E4B0C963}.Debug|Any CPU.ActiveCfg = Debug|Any CPU
		{7AD15677-1BAF-4802-AC9D-D359E4B0C963}.Debug|Any CPU.Build.0 = Debug|Any CPU
		{7AD15677-1BAF-4802-AC9D-D359E4B0C963}.Release|Any CPU.ActiveCfg = Release|Any CPU
		{7AD15677-1BAF-4802-AC9D-D359E4B0C963}.Release|Any CPU.Build.0 = Release|Any CPU
		{3A06295D-52D7-4DE5-9B79-39C93CE4A2AD}.Debug|Any CPU.ActiveCfg = Debug|Any CPU
		{3A06295D-52D7-4DE5-9B79-39C93CE4A2AD}.Debug|Any CPU.Build.0 = Debug|Any CPU
		{3A06295D-52D7-4DE5-9B79-39C93CE4A2AD}.Release|Any CPU.ActiveCfg = Release|Any CPU
		{3A06295D-52D7-4DE5-9B79-39C93CE4A2AD}.Release|Any CPU.Build.0 = Release|Any CPU
		{25A80C97-795B-4C61-A3CC-3719ABFD1FD0}.Debug|Any CPU.ActiveCfg = Debug|Any CPU
		{25A80C97-795B-4C61-A3CC-3719ABFD1FD0}.Debug|Any CPU.Build.0 = Debug|Any CPU
		{25A80C97-795B-4C61-A3CC-3719ABFD1FD0}.Release|Any CPU.ActiveCfg = Release|Any CPU
		{25A80C97-795B-4C61-A3CC-3719ABFD1FD0}.Release|Any CPU.Build.0 = Release|Any CPU
		{78B4CDAE-D76E-4366-A9C1-75FD4A318C47}.Debug|Any CPU.ActiveCfg = Debug|Any CPU
		{78B4CDAE-D76E-4366-A9C1-75FD4A318C47}.Debug|Any CPU.Build.0 = Debug|Any CPU
		{78B4CDAE-D76E-4366-A9C1-75FD4A318C47}.Release|Any CPU.ActiveCfg = Release|Any CPU
		{78B4CDAE-D76E-4366-A9C1-75FD4A318C47}.Release|Any CPU.Build.0 = Release|Any CPU
		{F4DAAC5D-8894-4AD8-9118-C799B1E1B8AC}.Debug|Any CPU.ActiveCfg = Debug|Any CPU
		{F4DAAC5D-8894-4AD8-9118-C799B1E1B8AC}.Debug|Any CPU.Build.0 = Debug|Any CPU
		{F4DAAC5D-8894-4AD8-9118-C799B1E1B8AC}.Release|Any CPU.ActiveCfg = Release|Any CPU
		{F4DAAC5D-8894-4AD8-9118-C799B1E1B8AC}.Release|Any CPU.Build.0 = Release|Any CPU
		{1A3FA37A-D885-4C59-9298-6F997E6F5C90}.Debug|Any CPU.ActiveCfg = Debug|Any CPU
		{1A3FA37A-D885-4C59-9298-6F997E6F5C90}.Debug|Any CPU.Build.0 = Debug|Any CPU
		{1A3FA37A-D885-4C59-9298-6F997E6F5C90}.Release|Any CPU.ActiveCfg = Release|Any CPU
		{1A3FA37A-D885-4C59-9298-6F997E6F5C90}.Release|Any CPU.Build.0 = Release|Any CPU
		{122EEE80-F30F-4987-8BE3-C75F496B3DDF}.Debug|Any CPU.ActiveCfg = Debug|Any CPU
		{122EEE80-F30F-4987-8BE3-C75F496B3DDF}.Debug|Any CPU.Build.0 = Debug|Any CPU
		{122EEE80-F30F-4987-8BE3-C75F496B3DDF}.Release|Any CPU.ActiveCfg = Release|Any CPU
		{122EEE80-F30F-4987-8BE3-C75F496B3DDF}.Release|Any CPU.Build.0 = Release|Any CPU
	EndGlobalSection
	GlobalSection(SolutionProperties) = preSolution
		HideSolutionNode = FALSE
	EndGlobalSection
	GlobalSection(ExtensibilityGlobals) = postSolution
		SolutionGuid = {65123D7D-8D8B-4D15-984C-359F502C7381}
	EndGlobalSection
EndGlobal
